// !$*UTF8*$!
{
	archiveVersion = 1;
	classes = {
	};
	objectVersion = 56;
	objects = {

/* Begin PBXBuildFile section */
		8635F5F22CD080740027D3C3 /* ForgotPasswordViewModel.swift in Sources */ = {isa = PBXBuildFile; fileRef = 8635F5E82CD080740027D3C3 /* ForgotPasswordViewModel.swift */; };
		8635F5F32CD080740027D3C3 /* CommentViewModel.swift in Sources */ = {isa = PBXBuildFile; fileRef = 8635F5E92CD080740027D3C3 /* CommentViewModel.swift */; };
		8635F5F42CD080740027D3C3 /* EmployeeViewModel.swift in Sources */ = {isa = PBXBuildFile; fileRef = 8635F5EA2CD080740027D3C3 /* EmployeeViewModel.swift */; };
		8635F5F52CD080740027D3C3 /* BusinessViewModel.swift in Sources */ = {isa = PBXBuildFile; fileRef = 8635F5EB2CD080740027D3C3 /* BusinessViewModel.swift */; };
		8635F5F62CD080740027D3C3 /* InvoiceViewModel.swift in Sources */ = {isa = PBXBuildFile; fileRef = 8635F5EC2CD080740027D3C3 /* InvoiceViewModel.swift */; };
		8635F5F72CD080740027D3C3 /* ReservationViewModel.swift in Sources */ = {isa = PBXBuildFile; fileRef = 8635F5ED2CD080740027D3C3 /* ReservationViewModel.swift */; };
		8635F5F82CD080740027D3C3 /* ResetPasswordViewModel.swift in Sources */ = {isa = PBXBuildFile; fileRef = 8635F5EE2CD080740027D3C3 /* ResetPasswordViewModel.swift */; };
		8635F5F92CD080740027D3C3 /* DataViewModel.swift in Sources */ = {isa = PBXBuildFile; fileRef = 8635F5EF2CD080740027D3C3 /* DataViewModel.swift */; };
		8635F5FA2CD080740027D3C3 /* VerificationViewModel.swift in Sources */ = {isa = PBXBuildFile; fileRef = 8635F5F02CD080740027D3C3 /* VerificationViewModel.swift */; };
		8635F5FB2CD080740027D3C3 /* ServiceViewModel.swift in Sources */ = {isa = PBXBuildFile; fileRef = 8635F5F12CD080740027D3C3 /* ServiceViewModel.swift */; };
		8635F6042CD0807F0027D3C3 /* BusinessInfoView.swift in Sources */ = {isa = PBXBuildFile; fileRef = 8635F5FC2CD0807F0027D3C3 /* BusinessInfoView.swift */; };
		8635F6052CD0807F0027D3C3 /* BusinessReviewsView.swift in Sources */ = {isa = PBXBuildFile; fileRef = 8635F5FD2CD0807F0027D3C3 /* BusinessReviewsView.swift */; };
		8635F6062CD0807F0027D3C3 /* BussinessServiceListView.swift in Sources */ = {isa = PBXBuildFile; fileRef = 8635F5FE2CD0807F0027D3C3 /* BussinessServiceListView.swift */; };
		8635F6072CD0807F0027D3C3 /* GalleryView.swift in Sources */ = {isa = PBXBuildFile; fileRef = 8635F5FF2CD0807F0027D3C3 /* GalleryView.swift */; };
		8635F6082CD0807F0027D3C3 /* HeaderImageView.swift in Sources */ = {isa = PBXBuildFile; fileRef = 8635F6002CD0807F0027D3C3 /* HeaderImageView.swift */; };
		8635F6092CD0807F0027D3C3 /* OpeningHoursView.swift in Sources */ = {isa = PBXBuildFile; fileRef = 8635F6012CD0807F0027D3C3 /* OpeningHoursView.swift */; };
		8635F60A2CD0807F0027D3C3 /* SpecialistsView.swift in Sources */ = {isa = PBXBuildFile; fileRef = 8635F6022CD0807F0027D3C3 /* SpecialistsView.swift */; };
		8635F6132CD080900027D3C3 /* BusinessTest.swift in Sources */ = {isa = PBXBuildFile; fileRef = 8635F60B2CD080900027D3C3 /* BusinessTest.swift */; };
		8635F6142CD080900027D3C3 /* CommentTest.swift in Sources */ = {isa = PBXBuildFile; fileRef = 8635F60C2CD080900027D3C3 /* CommentTest.swift */; };
		8635F6152CD080900027D3C3 /* EmployeeTest.swift in Sources */ = {isa = PBXBuildFile; fileRef = 8635F60D2CD080900027D3C3 /* EmployeeTest.swift */; };
		8635F6162CD080900027D3C3 /* InvoiceTest.swift in Sources */ = {isa = PBXBuildFile; fileRef = 8635F60E2CD080900027D3C3 /* InvoiceTest.swift */; };
		8635F6172CD080900027D3C3 /* ReservationTest.swift in Sources */ = {isa = PBXBuildFile; fileRef = 8635F60F2CD080900027D3C3 /* ReservationTest.swift */; };
		8635F6182CD080900027D3C3 /* ServiceTest.swift in Sources */ = {isa = PBXBuildFile; fileRef = 8635F6102CD080900027D3C3 /* ServiceTest.swift */; };
		8635F6192CD080900027D3C3 /* UserTest.swift in Sources */ = {isa = PBXBuildFile; fileRef = 8635F6112CD080900027D3C3 /* UserTest.swift */; };
		86C3FAE72CC2C75B0053760A /* Business.swift in Sources */ = {isa = PBXBuildFile; fileRef = 86C3FAE62CC2C75B0053760A /* Business.swift */; };
		86C3FAE92CC2C7E00053760A /* Comment.swift in Sources */ = {isa = PBXBuildFile; fileRef = 86C3FAE82CC2C7E00053760A /* Comment.swift */; };
		86C3FAEB2CC2C8030053760A /* Employee.swift in Sources */ = {isa = PBXBuildFile; fileRef = 86C3FAEA2CC2C8030053760A /* Employee.swift */; };
		86C3FAED2CC2C85A0053760A /* Service.swift in Sources */ = {isa = PBXBuildFile; fileRef = 86C3FAEC2CC2C85A0053760A /* Service.swift */; };
		86C3FAEF2CC2C8830053760A /* Invoice.swift in Sources */ = {isa = PBXBuildFile; fileRef = 86C3FAEE2CC2C8830053760A /* Invoice.swift */; };
		86C3FAF12CC2C8AF0053760A /* Reservation.swift in Sources */ = {isa = PBXBuildFile; fileRef = 86C3FAF02CC2C8AF0053760A /* Reservation.swift */; };
		86C3FAF92CC301E00053760A /* ErrorManager.swift in Sources */ = {isa = PBXBuildFile; fileRef = 86C3FAF82CC301E00053760A /* ErrorManager.swift */; };
		86CE58912CD9D65B00C418C9 /* RegistrationAccessibilityTests.swift in Sources */ = {isa = PBXBuildFile; fileRef = 86CE58902CD9D65B00C418C9 /* RegistrationAccessibilityTests.swift */; };
		86CE58932CD9E3D600C418C9 /* ProfileViewAccessibilityTests.swift in Sources */ = {isa = PBXBuildFile; fileRef = 86CE58922CD9E3D600C418C9 /* ProfileViewAccessibilityTests.swift */; };
		86CE58952CD9E3E400C418C9 /* FavouritesViewAccessibilityTests.swift in Sources */ = {isa = PBXBuildFile; fileRef = 86CE58942CD9E3E400C418C9 /* FavouritesViewAccessibilityTests.swift */; };
		86CE58972CD9E72B00C418C9 /* BusinessDetailedViewAccessibilityTests.swift in Sources */ = {isa = PBXBuildFile; fileRef = 86CE58962CD9E72B00C418C9 /* BusinessDetailedViewAccessibilityTests.swift */; };
		86CE58992CD9E98300C418C9 /* HomeViewAccessibilityTests.swift in Sources */ = {isa = PBXBuildFile; fileRef = 86CE58982CD9E98300C418C9 /* HomeViewAccessibilityTests.swift */; };
		86CE589B2CD9EAA600C418C9 /* PaymentViewAccessibilityTests.swift in Sources */ = {isa = PBXBuildFile; fileRef = 86CE589A2CD9EAA600C418C9 /* PaymentViewAccessibilityTests.swift */; };
		86CE589D2CD9EB5900C418C9 /* ServiceListViewAccessibilityTests.swift in Sources */ = {isa = PBXBuildFile; fileRef = 86CE589C2CD9EB5900C418C9 /* ServiceListViewAccessibilityTests.swift */; };
		86CE5B4D2CC5709D00EE0D7A /* SignInViewModel.swift in Sources */ = {isa = PBXBuildFile; fileRef = 86CE5B4C2CC5709D00EE0D7A /* SignInViewModel.swift */; };
		86CE5B502CC570C300EE0D7A /* LogInViewModel.swift in Sources */ = {isa = PBXBuildFile; fileRef = 86CE5B4E2CC570C300EE0D7A /* LogInViewModel.swift */; };
		86CE5B512CC570C300EE0D7A /* BusinessDetailViewModel.swift in Sources */ = {isa = PBXBuildFile; fileRef = 86CE5B4F2CC570C300EE0D7A /* BusinessDetailViewModel.swift */; };
		86CE5B532CC570CC00EE0D7A /* User.swift in Sources */ = {isa = PBXBuildFile; fileRef = 86CE5B522CC570CC00EE0D7A /* User.swift */; };
		86CE5B552CC570D300EE0D7A /* SessionManager.swift in Sources */ = {isa = PBXBuildFile; fileRef = 86CE5B542CC570D300EE0D7A /* SessionManager.swift */; };
		86CE7ACC2CB1CED500C5F207 /* LogInView.swift in Sources */ = {isa = PBXBuildFile; fileRef = 86CE7ACB2CB1CED500C5F207 /* LogInView.swift */; };
		86CE7ACF2CB1D1BD00C5F207 /* AppColors.swift in Sources */ = {isa = PBXBuildFile; fileRef = 86CE7ACE2CB1D1BD00C5F207 /* AppColors.swift */; };
		86CE7AD12CB235DC00C5F207 /* SignInView.swift in Sources */ = {isa = PBXBuildFile; fileRef = 86CE7AD02CB235DC00C5F207 /* SignInView.swift */; };
		86CE7AD42CB23A9100C5F207 /* ForgotPasswordView.swift in Sources */ = {isa = PBXBuildFile; fileRef = 86CE7AD32CB23A9100C5F207 /* ForgotPasswordView.swift */; };
		86CE7AD62CB23AA300C5F207 /* ResetPasswordView.swift in Sources */ = {isa = PBXBuildFile; fileRef = 86CE7AD52CB23AA300C5F207 /* ResetPasswordView.swift */; };
		86CE7AD82CB23CB600C5F207 /* HomeView.swift in Sources */ = {isa = PBXBuildFile; fileRef = 86CE7AD72CB23CB600C5F207 /* HomeView.swift */; };
		86CE7ADA2CB243A700C5F207 /* Tabvar.swift in Sources */ = {isa = PBXBuildFile; fileRef = 86CE7AD92CB243A700C5F207 /* Tabvar.swift */; };
		86CE7ADC2CB2486400C5F207 /* ServiceListView.swift in Sources */ = {isa = PBXBuildFile; fileRef = 86CE7ADB2CB2486400C5F207 /* ServiceListView.swift */; };
		86CE7ADE2CB2492500C5F207 /* ServiceDetailedView.swift in Sources */ = {isa = PBXBuildFile; fileRef = 86CE7ADD2CB2492500C5F207 /* ServiceDetailedView.swift */; };
		86CE7AE02CB24A7400C5F207 /* PaymentView.swift in Sources */ = {isa = PBXBuildFile; fileRef = 86CE7ADF2CB24A7400C5F207 /* PaymentView.swift */; };
		86CE7AE22CB24B6900C5F207 /* Payment.swift in Sources */ = {isa = PBXBuildFile; fileRef = 86CE7AE12CB24B6900C5F207 /* Payment.swift */; };
		86CE7AE42CB24DDB00C5F207 /* ProfileView.swift in Sources */ = {isa = PBXBuildFile; fileRef = 86CE7AE32CB24DDB00C5F207 /* ProfileView.swift */; };
		86CE7AE62CB24F8100C5F207 /* FavouritesView.swift in Sources */ = {isa = PBXBuildFile; fileRef = 86CE7AE52CB24F8100C5F207 /* FavouritesView.swift */; };
		86E79A152C8FD75A0011EBE0 /* BeautifyMeApp.swift in Sources */ = {isa = PBXBuildFile; fileRef = 86E79A142C8FD75A0011EBE0 /* BeautifyMeApp.swift */; };
		86E79A172C8FD75A0011EBE0 /* ContentView.swift in Sources */ = {isa = PBXBuildFile; fileRef = 86E79A162C8FD75A0011EBE0 /* ContentView.swift */; };
		86E79A192C8FD75C0011EBE0 /* Assets.xcassets in Resources */ = {isa = PBXBuildFile; fileRef = 86E79A182C8FD75C0011EBE0 /* Assets.xcassets */; };
		86E79A1D2C8FD75C0011EBE0 /* Preview Assets.xcassets in Resources */ = {isa = PBXBuildFile; fileRef = 86E79A1C2C8FD75C0011EBE0 /* Preview Assets.xcassets */; };
		86E79A272C8FD75C0011EBE0 /* BeautifyMeTests.swift in Sources */ = {isa = PBXBuildFile; fileRef = 86E79A262C8FD75C0011EBE0 /* BeautifyMeTests.swift */; };
		86E79A312C8FD75C0011EBE0 /* BeautifyMeUITests.swift in Sources */ = {isa = PBXBuildFile; fileRef = 86E79A302C8FD75C0011EBE0 /* BeautifyMeUITests.swift */; };
		86E79A332C8FD75C0011EBE0 /* BeautifyMeUITestsLaunchTests.swift in Sources */ = {isa = PBXBuildFile; fileRef = 86E79A322C8FD75C0011EBE0 /* BeautifyMeUITestsLaunchTests.swift */; };
		86E953BE2CB4D4D500DDE635 /* LocationSearchViewModel.swift in Sources */ = {isa = PBXBuildFile; fileRef = 86E953BD2CB4D4D500DDE635 /* LocationSearchViewModel.swift */; };
		86E953C02CB4D4F700DDE635 /* Location.swift in Sources */ = {isa = PBXBuildFile; fileRef = 86E953BF2CB4D4F700DDE635 /* Location.swift */; };
		86E953C22CB4D50100DDE635 /* LocationCell.swift in Sources */ = {isa = PBXBuildFile; fileRef = 86E953C12CB4D50100DDE635 /* LocationCell.swift */; };
		86E953C52CB4D52500DDE635 /* LocationSearchView.swift in Sources */ = {isa = PBXBuildFile; fileRef = 86E953C32CB4D52500DDE635 /* LocationSearchView.swift */; };
		86E953C62CB4D52500DDE635 /* MapView.swift in Sources */ = {isa = PBXBuildFile; fileRef = 86E953C42CB4D52500DDE635 /* MapView.swift */; };
		86E953C82CB4D53E00DDE635 /* LocationService.swift in Sources */ = {isa = PBXBuildFile; fileRef = 86E953C72CB4D53E00DDE635 /* LocationService.swift */; };
		86E953CA2CB4D54300DDE635 /* OptionsButton.swift in Sources */ = {isa = PBXBuildFile; fileRef = 86E953C92CB4D54300DDE635 /* OptionsButton.swift */; };
		86E953CC2CB4D54A00DDE635 /* SearchBar.swift in Sources */ = {isa = PBXBuildFile; fileRef = 86E953CB2CB4D54A00DDE635 /* SearchBar.swift */; };
		86E953D32CB4F86C00DDE635 /* BusinessDetailedView.swift in Sources */ = {isa = PBXBuildFile; fileRef = 86E953D22CB4F86C00DDE635 /* BusinessDetailedView.swift */; };
		86E953D52CB4FEA600DDE635 /* ReviewCard.swift in Sources */ = {isa = PBXBuildFile; fileRef = 86E953D42CB4FEA600DDE635 /* ReviewCard.swift */; };
		86E953D92CB5031600DDE635 /* BusinessSelectedCard.swift in Sources */ = {isa = PBXBuildFile; fileRef = 86E953D82CB5031600DDE635 /* BusinessSelectedCard.swift */; };
		86F362B92CB2F88500E6C2BA /* IconTextView.swift in Sources */ = {isa = PBXBuildFile; fileRef = 86F362B82CB2F88500E6C2BA /* IconTextView.swift */; };
		86F362BC2CB2F93600E6C2BA /* IconAloneView.swift in Sources */ = {isa = PBXBuildFile; fileRef = 86F362BB2CB2F93600E6C2BA /* IconAloneView.swift */; };
		86F362BE2CB2F98000E6C2BA /* IconRectangleView.swift in Sources */ = {isa = PBXBuildFile; fileRef = 86F362BD2CB2F98000E6C2BA /* IconRectangleView.swift */; };
		86F362C02CB2FF7800E6C2BA /* ServiceCardView.swift in Sources */ = {isa = PBXBuildFile; fileRef = 86F362BF2CB2FF7800E6C2BA /* ServiceCardView.swift */; };
		86F362C22CB3051100E6C2BA /* ProfileCardView.swift in Sources */ = {isa = PBXBuildFile; fileRef = 86F362C12CB3051100E6C2BA /* ProfileCardView.swift */; };
		86F362C42CB3176600E6C2BA /* PaymentCardView.swift in Sources */ = {isa = PBXBuildFile; fileRef = 86F362C32CB3176600E6C2BA /* PaymentCardView.swift */; };
		86F362C62CB3687C00E6C2BA /* MapRepresentable.swift in Sources */ = {isa = PBXBuildFile; fileRef = 86F362C52CB3687C00E6C2BA /* MapRepresentable.swift */; };
		86F362C82CB368F100E6C2BA /* AppState.swift in Sources */ = {isa = PBXBuildFile; fileRef = 86F362C72CB368F100E6C2BA /* AppState.swift */; };
/* End PBXBuildFile section */

/* Begin PBXContainerItemProxy section */
		86E79A232C8FD75C0011EBE0 /* PBXContainerItemProxy */ = {
			isa = PBXContainerItemProxy;
			containerPortal = 86E79A092C8FD75A0011EBE0 /* Project object */;
			proxyType = 1;
			remoteGlobalIDString = 86E79A102C8FD75A0011EBE0;
			remoteInfo = BeautifyMe;
		};
		86E79A2D2C8FD75C0011EBE0 /* PBXContainerItemProxy */ = {
			isa = PBXContainerItemProxy;
			containerPortal = 86E79A092C8FD75A0011EBE0 /* Project object */;
			proxyType = 1;
			remoteGlobalIDString = 86E79A102C8FD75A0011EBE0;
			remoteInfo = BeautifyMe;
		};
/* End PBXContainerItemProxy section */

/* Begin PBXFileReference section */
		8635F5E82CD080740027D3C3 /* ForgotPasswordViewModel.swift */ = {isa = PBXFileReference; fileEncoding = 4; lastKnownFileType = sourcecode.swift; path = ForgotPasswordViewModel.swift; sourceTree = "<group>"; };
		8635F5E92CD080740027D3C3 /* CommentViewModel.swift */ = {isa = PBXFileReference; fileEncoding = 4; lastKnownFileType = sourcecode.swift; path = CommentViewModel.swift; sourceTree = "<group>"; };
		8635F5EA2CD080740027D3C3 /* EmployeeViewModel.swift */ = {isa = PBXFileReference; fileEncoding = 4; lastKnownFileType = sourcecode.swift; path = EmployeeViewModel.swift; sourceTree = "<group>"; };
		8635F5EB2CD080740027D3C3 /* BusinessViewModel.swift */ = {isa = PBXFileReference; fileEncoding = 4; lastKnownFileType = sourcecode.swift; path = BusinessViewModel.swift; sourceTree = "<group>"; };
		8635F5EC2CD080740027D3C3 /* InvoiceViewModel.swift */ = {isa = PBXFileReference; fileEncoding = 4; lastKnownFileType = sourcecode.swift; path = InvoiceViewModel.swift; sourceTree = "<group>"; };
		8635F5ED2CD080740027D3C3 /* ReservationViewModel.swift */ = {isa = PBXFileReference; fileEncoding = 4; lastKnownFileType = sourcecode.swift; path = ReservationViewModel.swift; sourceTree = "<group>"; };
		8635F5EE2CD080740027D3C3 /* ResetPasswordViewModel.swift */ = {isa = PBXFileReference; fileEncoding = 4; lastKnownFileType = sourcecode.swift; path = ResetPasswordViewModel.swift; sourceTree = "<group>"; };
		8635F5EF2CD080740027D3C3 /* DataViewModel.swift */ = {isa = PBXFileReference; fileEncoding = 4; lastKnownFileType = sourcecode.swift; path = DataViewModel.swift; sourceTree = "<group>"; };
		8635F5F02CD080740027D3C3 /* VerificationViewModel.swift */ = {isa = PBXFileReference; fileEncoding = 4; lastKnownFileType = sourcecode.swift; path = VerificationViewModel.swift; sourceTree = "<group>"; };
		8635F5F12CD080740027D3C3 /* ServiceViewModel.swift */ = {isa = PBXFileReference; fileEncoding = 4; lastKnownFileType = sourcecode.swift; path = ServiceViewModel.swift; sourceTree = "<group>"; };
		8635F5FC2CD0807F0027D3C3 /* BusinessInfoView.swift */ = {isa = PBXFileReference; fileEncoding = 4; lastKnownFileType = sourcecode.swift; path = BusinessInfoView.swift; sourceTree = "<group>"; };
		8635F5FD2CD0807F0027D3C3 /* BusinessReviewsView.swift */ = {isa = PBXFileReference; fileEncoding = 4; lastKnownFileType = sourcecode.swift; path = BusinessReviewsView.swift; sourceTree = "<group>"; };
		8635F5FE2CD0807F0027D3C3 /* BussinessServiceListView.swift */ = {isa = PBXFileReference; fileEncoding = 4; lastKnownFileType = sourcecode.swift; path = BussinessServiceListView.swift; sourceTree = "<group>"; };
		8635F5FF2CD0807F0027D3C3 /* GalleryView.swift */ = {isa = PBXFileReference; fileEncoding = 4; lastKnownFileType = sourcecode.swift; path = GalleryView.swift; sourceTree = "<group>"; };
		8635F6002CD0807F0027D3C3 /* HeaderImageView.swift */ = {isa = PBXFileReference; fileEncoding = 4; lastKnownFileType = sourcecode.swift; path = HeaderImageView.swift; sourceTree = "<group>"; };
		8635F6012CD0807F0027D3C3 /* OpeningHoursView.swift */ = {isa = PBXFileReference; fileEncoding = 4; lastKnownFileType = sourcecode.swift; path = OpeningHoursView.swift; sourceTree = "<group>"; };
		8635F6022CD0807F0027D3C3 /* SpecialistsView.swift */ = {isa = PBXFileReference; fileEncoding = 4; lastKnownFileType = sourcecode.swift; path = SpecialistsView.swift; sourceTree = "<group>"; };
		8635F60B2CD080900027D3C3 /* BusinessTest.swift */ = {isa = PBXFileReference; fileEncoding = 4; lastKnownFileType = sourcecode.swift; path = BusinessTest.swift; sourceTree = "<group>"; };
		8635F60C2CD080900027D3C3 /* CommentTest.swift */ = {isa = PBXFileReference; fileEncoding = 4; lastKnownFileType = sourcecode.swift; path = CommentTest.swift; sourceTree = "<group>"; };
		8635F60D2CD080900027D3C3 /* EmployeeTest.swift */ = {isa = PBXFileReference; fileEncoding = 4; lastKnownFileType = sourcecode.swift; path = EmployeeTest.swift; sourceTree = "<group>"; };
		8635F60E2CD080900027D3C3 /* InvoiceTest.swift */ = {isa = PBXFileReference; fileEncoding = 4; lastKnownFileType = sourcecode.swift; path = InvoiceTest.swift; sourceTree = "<group>"; };
		8635F60F2CD080900027D3C3 /* ReservationTest.swift */ = {isa = PBXFileReference; fileEncoding = 4; lastKnownFileType = sourcecode.swift; path = ReservationTest.swift; sourceTree = "<group>"; };
		8635F6102CD080900027D3C3 /* ServiceTest.swift */ = {isa = PBXFileReference; fileEncoding = 4; lastKnownFileType = sourcecode.swift; path = ServiceTest.swift; sourceTree = "<group>"; };
		8635F6112CD080900027D3C3 /* UserTest.swift */ = {isa = PBXFileReference; fileEncoding = 4; lastKnownFileType = sourcecode.swift; path = UserTest.swift; sourceTree = "<group>"; };
		86C3FAE62CC2C75B0053760A /* Business.swift */ = {isa = PBXFileReference; lastKnownFileType = sourcecode.swift; path = Business.swift; sourceTree = "<group>"; };
		86C3FAE82CC2C7E00053760A /* Comment.swift */ = {isa = PBXFileReference; lastKnownFileType = sourcecode.swift; path = Comment.swift; sourceTree = "<group>"; };
		86C3FAEA2CC2C8030053760A /* Employee.swift */ = {isa = PBXFileReference; lastKnownFileType = sourcecode.swift; path = Employee.swift; sourceTree = "<group>"; };
		86C3FAEC2CC2C85A0053760A /* Service.swift */ = {isa = PBXFileReference; lastKnownFileType = sourcecode.swift; path = Service.swift; sourceTree = "<group>"; };
		86C3FAEE2CC2C8830053760A /* Invoice.swift */ = {isa = PBXFileReference; lastKnownFileType = sourcecode.swift; path = Invoice.swift; sourceTree = "<group>"; };
		86C3FAF02CC2C8AF0053760A /* Reservation.swift */ = {isa = PBXFileReference; lastKnownFileType = sourcecode.swift; path = Reservation.swift; sourceTree = "<group>"; };
		86C3FAF82CC301E00053760A /* ErrorManager.swift */ = {isa = PBXFileReference; lastKnownFileType = sourcecode.swift; path = ErrorManager.swift; sourceTree = "<group>"; };
		86CE58902CD9D65B00C418C9 /* RegistrationAccessibilityTests.swift */ = {isa = PBXFileReference; lastKnownFileType = sourcecode.swift; path = RegistrationAccessibilityTests.swift; sourceTree = "<group>"; };
		86CE58922CD9E3D600C418C9 /* ProfileViewAccessibilityTests.swift */ = {isa = PBXFileReference; lastKnownFileType = sourcecode.swift; path = ProfileViewAccessibilityTests.swift; sourceTree = "<group>"; };
		86CE58942CD9E3E400C418C9 /* FavouritesViewAccessibilityTests.swift */ = {isa = PBXFileReference; lastKnownFileType = sourcecode.swift; path = FavouritesViewAccessibilityTests.swift; sourceTree = "<group>"; };
		86CE58962CD9E72B00C418C9 /* BusinessDetailedViewAccessibilityTests.swift */ = {isa = PBXFileReference; lastKnownFileType = sourcecode.swift; path = BusinessDetailedViewAccessibilityTests.swift; sourceTree = "<group>"; };
		86CE58982CD9E98300C418C9 /* HomeViewAccessibilityTests.swift */ = {isa = PBXFileReference; lastKnownFileType = sourcecode.swift; path = HomeViewAccessibilityTests.swift; sourceTree = "<group>"; };
		86CE589A2CD9EAA600C418C9 /* PaymentViewAccessibilityTests.swift */ = {isa = PBXFileReference; lastKnownFileType = sourcecode.swift; path = PaymentViewAccessibilityTests.swift; sourceTree = "<group>"; };
		86CE589C2CD9EB5900C418C9 /* ServiceListViewAccessibilityTests.swift */ = {isa = PBXFileReference; lastKnownFileType = sourcecode.swift; path = ServiceListViewAccessibilityTests.swift; sourceTree = "<group>"; };
		86CE5B4C2CC5709D00EE0D7A /* SignInViewModel.swift */ = {isa = PBXFileReference; fileEncoding = 4; lastKnownFileType = sourcecode.swift; path = SignInViewModel.swift; sourceTree = "<group>"; };
		86CE5B4E2CC570C300EE0D7A /* LogInViewModel.swift */ = {isa = PBXFileReference; fileEncoding = 4; lastKnownFileType = sourcecode.swift; path = LogInViewModel.swift; sourceTree = "<group>"; };
		86CE5B4F2CC570C300EE0D7A /* BusinessDetailViewModel.swift */ = {isa = PBXFileReference; fileEncoding = 4; lastKnownFileType = sourcecode.swift; path = BusinessDetailViewModel.swift; sourceTree = "<group>"; };
		86CE5B522CC570CC00EE0D7A /* User.swift */ = {isa = PBXFileReference; fileEncoding = 4; lastKnownFileType = sourcecode.swift; path = User.swift; sourceTree = "<group>"; };
		86CE5B542CC570D300EE0D7A /* SessionManager.swift */ = {isa = PBXFileReference; fileEncoding = 4; lastKnownFileType = sourcecode.swift; path = SessionManager.swift; sourceTree = "<group>"; };
		86CE7ACB2CB1CED500C5F207 /* LogInView.swift */ = {isa = PBXFileReference; lastKnownFileType = sourcecode.swift; path = LogInView.swift; sourceTree = "<group>"; };
		86CE7ACE2CB1D1BD00C5F207 /* AppColors.swift */ = {isa = PBXFileReference; lastKnownFileType = sourcecode.swift; path = AppColors.swift; sourceTree = "<group>"; };
		86CE7AD02CB235DC00C5F207 /* SignInView.swift */ = {isa = PBXFileReference; lastKnownFileType = sourcecode.swift; path = SignInView.swift; sourceTree = "<group>"; };
		86CE7AD32CB23A9100C5F207 /* ForgotPasswordView.swift */ = {isa = PBXFileReference; lastKnownFileType = sourcecode.swift; path = ForgotPasswordView.swift; sourceTree = "<group>"; };
		86CE7AD52CB23AA300C5F207 /* ResetPasswordView.swift */ = {isa = PBXFileReference; lastKnownFileType = sourcecode.swift; path = ResetPasswordView.swift; sourceTree = "<group>"; };
		86CE7AD72CB23CB600C5F207 /* HomeView.swift */ = {isa = PBXFileReference; lastKnownFileType = sourcecode.swift; path = HomeView.swift; sourceTree = "<group>"; };
		86CE7AD92CB243A700C5F207 /* Tabvar.swift */ = {isa = PBXFileReference; lastKnownFileType = sourcecode.swift; path = Tabvar.swift; sourceTree = "<group>"; };
		86CE7ADB2CB2486400C5F207 /* ServiceListView.swift */ = {isa = PBXFileReference; lastKnownFileType = sourcecode.swift; path = ServiceListView.swift; sourceTree = "<group>"; };
		86CE7ADD2CB2492500C5F207 /* ServiceDetailedView.swift */ = {isa = PBXFileReference; lastKnownFileType = sourcecode.swift; path = ServiceDetailedView.swift; sourceTree = "<group>"; };
		86CE7ADF2CB24A7400C5F207 /* PaymentView.swift */ = {isa = PBXFileReference; lastKnownFileType = sourcecode.swift; path = PaymentView.swift; sourceTree = "<group>"; };
		86CE7AE12CB24B6900C5F207 /* Payment.swift */ = {isa = PBXFileReference; lastKnownFileType = sourcecode.swift; path = Payment.swift; sourceTree = "<group>"; };
		86CE7AE32CB24DDB00C5F207 /* ProfileView.swift */ = {isa = PBXFileReference; lastKnownFileType = sourcecode.swift; path = ProfileView.swift; sourceTree = "<group>"; };
		86CE7AE52CB24F8100C5F207 /* FavouritesView.swift */ = {isa = PBXFileReference; lastKnownFileType = sourcecode.swift; path = FavouritesView.swift; sourceTree = "<group>"; };
		86E79A112C8FD75A0011EBE0 /* BeautifyMe.app */ = {isa = PBXFileReference; explicitFileType = wrapper.application; includeInIndex = 0; path = BeautifyMe.app; sourceTree = BUILT_PRODUCTS_DIR; };
		86E79A142C8FD75A0011EBE0 /* BeautifyMeApp.swift */ = {isa = PBXFileReference; lastKnownFileType = sourcecode.swift; path = BeautifyMeApp.swift; sourceTree = "<group>"; };
		86E79A162C8FD75A0011EBE0 /* ContentView.swift */ = {isa = PBXFileReference; lastKnownFileType = sourcecode.swift; path = ContentView.swift; sourceTree = "<group>"; };
		86E79A182C8FD75C0011EBE0 /* Assets.xcassets */ = {isa = PBXFileReference; lastKnownFileType = folder.assetcatalog; path = Assets.xcassets; sourceTree = "<group>"; };
		86E79A1A2C8FD75C0011EBE0 /* BeautifyMe.entitlements */ = {isa = PBXFileReference; lastKnownFileType = text.plist.entitlements; path = BeautifyMe.entitlements; sourceTree = "<group>"; };
		86E79A1C2C8FD75C0011EBE0 /* Preview Assets.xcassets */ = {isa = PBXFileReference; lastKnownFileType = folder.assetcatalog; path = "Preview Assets.xcassets"; sourceTree = "<group>"; };
		86E79A222C8FD75C0011EBE0 /* BeautifyMeTests.xctest */ = {isa = PBXFileReference; explicitFileType = wrapper.cfbundle; includeInIndex = 0; path = BeautifyMeTests.xctest; sourceTree = BUILT_PRODUCTS_DIR; };
		86E79A262C8FD75C0011EBE0 /* BeautifyMeTests.swift */ = {isa = PBXFileReference; lastKnownFileType = sourcecode.swift; path = BeautifyMeTests.swift; sourceTree = "<group>"; };
		86E79A2C2C8FD75C0011EBE0 /* BeautifyMeUITests.xctest */ = {isa = PBXFileReference; explicitFileType = wrapper.cfbundle; includeInIndex = 0; path = BeautifyMeUITests.xctest; sourceTree = BUILT_PRODUCTS_DIR; };
		86E79A302C8FD75C0011EBE0 /* BeautifyMeUITests.swift */ = {isa = PBXFileReference; lastKnownFileType = sourcecode.swift; path = BeautifyMeUITests.swift; sourceTree = "<group>"; };
		86E79A322C8FD75C0011EBE0 /* BeautifyMeUITestsLaunchTests.swift */ = {isa = PBXFileReference; lastKnownFileType = sourcecode.swift; path = BeautifyMeUITestsLaunchTests.swift; sourceTree = "<group>"; };
		86E953BD2CB4D4D500DDE635 /* LocationSearchViewModel.swift */ = {isa = PBXFileReference; fileEncoding = 4; lastKnownFileType = sourcecode.swift; path = LocationSearchViewModel.swift; sourceTree = "<group>"; };
		86E953BF2CB4D4F700DDE635 /* Location.swift */ = {isa = PBXFileReference; fileEncoding = 4; lastKnownFileType = sourcecode.swift; path = Location.swift; sourceTree = "<group>"; };
		86E953C12CB4D50100DDE635 /* LocationCell.swift */ = {isa = PBXFileReference; fileEncoding = 4; lastKnownFileType = sourcecode.swift; path = LocationCell.swift; sourceTree = "<group>"; };
		86E953C32CB4D52500DDE635 /* LocationSearchView.swift */ = {isa = PBXFileReference; fileEncoding = 4; lastKnownFileType = sourcecode.swift; path = LocationSearchView.swift; sourceTree = "<group>"; };
		86E953C42CB4D52500DDE635 /* MapView.swift */ = {isa = PBXFileReference; fileEncoding = 4; lastKnownFileType = sourcecode.swift; path = MapView.swift; sourceTree = "<group>"; };
		86E953C72CB4D53E00DDE635 /* LocationService.swift */ = {isa = PBXFileReference; fileEncoding = 4; lastKnownFileType = sourcecode.swift; path = LocationService.swift; sourceTree = "<group>"; };
		86E953C92CB4D54300DDE635 /* OptionsButton.swift */ = {isa = PBXFileReference; fileEncoding = 4; lastKnownFileType = sourcecode.swift; path = OptionsButton.swift; sourceTree = "<group>"; };
		86E953CB2CB4D54A00DDE635 /* SearchBar.swift */ = {isa = PBXFileReference; fileEncoding = 4; lastKnownFileType = sourcecode.swift; path = SearchBar.swift; sourceTree = "<group>"; };
		86E953CD2CB4D5C100DDE635 /* Info.plist */ = {isa = PBXFileReference; lastKnownFileType = text.plist; path = Info.plist; sourceTree = "<group>"; };
		86E953D22CB4F86C00DDE635 /* BusinessDetailedView.swift */ = {isa = PBXFileReference; lastKnownFileType = sourcecode.swift; path = BusinessDetailedView.swift; sourceTree = "<group>"; };
		86E953D42CB4FEA600DDE635 /* ReviewCard.swift */ = {isa = PBXFileReference; lastKnownFileType = sourcecode.swift; path = ReviewCard.swift; sourceTree = "<group>"; };
		86E953D82CB5031600DDE635 /* BusinessSelectedCard.swift */ = {isa = PBXFileReference; lastKnownFileType = sourcecode.swift; path = BusinessSelectedCard.swift; sourceTree = "<group>"; };
		86F362B82CB2F88500E6C2BA /* IconTextView.swift */ = {isa = PBXFileReference; lastKnownFileType = sourcecode.swift; path = IconTextView.swift; sourceTree = "<group>"; };
		86F362BB2CB2F93600E6C2BA /* IconAloneView.swift */ = {isa = PBXFileReference; lastKnownFileType = sourcecode.swift; path = IconAloneView.swift; sourceTree = "<group>"; };
		86F362BD2CB2F98000E6C2BA /* IconRectangleView.swift */ = {isa = PBXFileReference; lastKnownFileType = sourcecode.swift; path = IconRectangleView.swift; sourceTree = "<group>"; };
		86F362BF2CB2FF7800E6C2BA /* ServiceCardView.swift */ = {isa = PBXFileReference; lastKnownFileType = sourcecode.swift; path = ServiceCardView.swift; sourceTree = "<group>"; };
		86F362C12CB3051100E6C2BA /* ProfileCardView.swift */ = {isa = PBXFileReference; lastKnownFileType = sourcecode.swift; path = ProfileCardView.swift; sourceTree = "<group>"; };
		86F362C32CB3176600E6C2BA /* PaymentCardView.swift */ = {isa = PBXFileReference; lastKnownFileType = sourcecode.swift; path = PaymentCardView.swift; sourceTree = "<group>"; };
		86F362C52CB3687C00E6C2BA /* MapRepresentable.swift */ = {isa = PBXFileReference; lastKnownFileType = sourcecode.swift; path = MapRepresentable.swift; sourceTree = "<group>"; };
		86F362C72CB368F100E6C2BA /* AppState.swift */ = {isa = PBXFileReference; lastKnownFileType = sourcecode.swift; path = AppState.swift; sourceTree = "<group>"; };
/* End PBXFileReference section */

/* Begin PBXFrameworksBuildPhase section */
		86E79A0E2C8FD75A0011EBE0 /* Frameworks */ = {
			isa = PBXFrameworksBuildPhase;
			buildActionMask = 2147483647;
			files = (
			);
			runOnlyForDeploymentPostprocessing = 0;
		};
		86E79A1F2C8FD75C0011EBE0 /* Frameworks */ = {
			isa = PBXFrameworksBuildPhase;
			buildActionMask = 2147483647;
			files = (
			);
			runOnlyForDeploymentPostprocessing = 0;
		};
		86E79A292C8FD75C0011EBE0 /* Frameworks */ = {
			isa = PBXFrameworksBuildPhase;
			buildActionMask = 2147483647;
			files = (
			);
			runOnlyForDeploymentPostprocessing = 0;
		};
/* End PBXFrameworksBuildPhase section */

/* Begin PBXGroup section */
		8635F6032CD0807F0027D3C3 /* BusinessDetailedHelpers */ = {
			isa = PBXGroup;
			children = (
				8635F5FC2CD0807F0027D3C3 /* BusinessInfoView.swift */,
				8635F5FD2CD0807F0027D3C3 /* BusinessReviewsView.swift */,
				8635F5FE2CD0807F0027D3C3 /* BussinessServiceListView.swift */,
				8635F5FF2CD0807F0027D3C3 /* GalleryView.swift */,
				8635F6002CD0807F0027D3C3 /* HeaderImageView.swift */,
				8635F6012CD0807F0027D3C3 /* OpeningHoursView.swift */,
				8635F6022CD0807F0027D3C3 /* SpecialistsView.swift */,
			);
			path = BusinessDetailedHelpers;
			sourceTree = "<group>";
		};
		8635F6122CD080900027D3C3 /* UnitTest */ = {
			isa = PBXGroup;
			children = (
				8635F60B2CD080900027D3C3 /* BusinessTest.swift */,
				8635F60C2CD080900027D3C3 /* CommentTest.swift */,
				8635F60D2CD080900027D3C3 /* EmployeeTest.swift */,
				8635F60E2CD080900027D3C3 /* InvoiceTest.swift */,
				8635F60F2CD080900027D3C3 /* ReservationTest.swift */,
				8635F6102CD080900027D3C3 /* ServiceTest.swift */,
				8635F6112CD080900027D3C3 /* UserTest.swift */,
			);
			path = UnitTest;
			sourceTree = "<group>";
		};
		8635F61A2CD080970027D3C3 /* MapUITest */ = {
			isa = PBXGroup;
			children = (
				86CE58962CD9E72B00C418C9 /* BusinessDetailedViewAccessibilityTests.swift */,
				86CE58982CD9E98300C418C9 /* HomeViewAccessibilityTests.swift */,
				86CE589A2CD9EAA600C418C9 /* PaymentViewAccessibilityTests.swift */,
				86CE589C2CD9EB5900C418C9 /* ServiceListViewAccessibilityTests.swift */,
			);
			path = MapUITest;
			sourceTree = "<group>";
		};
		8635F61B2CD080970027D3C3 /* ProfileUITest */ = {
			isa = PBXGroup;
			children = (
				86CE58922CD9E3D600C418C9 /* ProfileViewAccessibilityTests.swift */,
				86CE58942CD9E3E400C418C9 /* FavouritesViewAccessibilityTests.swift */,
			);
			path = ProfileUITest;
			sourceTree = "<group>";
		};
		8635F61C2CD080970027D3C3 /* RegistrationUITest */ = {
			isa = PBXGroup;
			children = (
				86CE58902CD9D65B00C418C9 /* RegistrationAccessibilityTests.swift */,
			);
			path = RegistrationUITest;
			sourceTree = "<group>";
		};
		86C3FAF22CC2C8E90053760A /* Registration */ = {
			isa = PBXGroup;
			children = (
				86CE7AD02CB235DC00C5F207 /* SignInView.swift */,
				86CE7ACB2CB1CED500C5F207 /* LogInView.swift */,
				86CE7AD32CB23A9100C5F207 /* ForgotPasswordView.swift */,
				86CE7AD52CB23AA300C5F207 /* ResetPasswordView.swift */,
			);
			path = Registration;
			sourceTree = "<group>";
		};
		86C3FAF32CC2C91A0053760A /* Profile */ = {
			isa = PBXGroup;
			children = (
				86CE7AE32CB24DDB00C5F207 /* ProfileView.swift */,
				86CE7AE52CB24F8100C5F207 /* FavouritesView.swift */,
			);
			path = Profile;
			sourceTree = "<group>";
		};
		86C3FAF42CC2C9230053760A /* Map */ = {
			isa = PBXGroup;
			children = (
				8635F6032CD0807F0027D3C3 /* BusinessDetailedHelpers */,
				86CE7AD72CB23CB600C5F207 /* HomeView.swift */,
				86CE7ADB2CB2486400C5F207 /* ServiceListView.swift */,
				86CE7ADD2CB2492500C5F207 /* ServiceDetailedView.swift */,
				86CE7ADF2CB24A7400C5F207 /* PaymentView.swift */,
				86E953C42CB4D52500DDE635 /* MapView.swift */,
				86E953C32CB4D52500DDE635 /* LocationSearchView.swift */,
				86E953D22CB4F86C00DDE635 /* BusinessDetailedView.swift */,
			);
			path = Map;
			sourceTree = "<group>";
		};
		86CE7AC82CB1CEAD00C5F207 /* Views */ = {
			isa = PBXGroup;
			children = (
				86C3FAF42CC2C9230053760A /* Map */,
				86C3FAF32CC2C91A0053760A /* Profile */,
				86C3FAF22CC2C8E90053760A /* Registration */,
				86F362BA2CB2F8FE00E6C2BA /* Cards */,
			);
			path = Views;
			sourceTree = "<group>";
		};
		86CE7AC92CB1CEB500C5F207 /* ViewModels */ = {
			isa = PBXGroup;
			children = (
				8635F5EB2CD080740027D3C3 /* BusinessViewModel.swift */,
				8635F5E92CD080740027D3C3 /* CommentViewModel.swift */,
				8635F5EF2CD080740027D3C3 /* DataViewModel.swift */,
				8635F5EA2CD080740027D3C3 /* EmployeeViewModel.swift */,
				8635F5E82CD080740027D3C3 /* ForgotPasswordViewModel.swift */,
				8635F5EC2CD080740027D3C3 /* InvoiceViewModel.swift */,
				8635F5ED2CD080740027D3C3 /* ReservationViewModel.swift */,
				8635F5EE2CD080740027D3C3 /* ResetPasswordViewModel.swift */,
				8635F5F12CD080740027D3C3 /* ServiceViewModel.swift */,
				8635F5F02CD080740027D3C3 /* VerificationViewModel.swift */,
				86CE5B4F2CC570C300EE0D7A /* BusinessDetailViewModel.swift */,
				86CE5B4E2CC570C300EE0D7A /* LogInViewModel.swift */,
				86E953BD2CB4D4D500DDE635 /* LocationSearchViewModel.swift */,
				86CE5B4C2CC5709D00EE0D7A /* SignInViewModel.swift */,
			);
			path = ViewModels;
			sourceTree = "<group>";
		};
		86CE7ACA2CB1CEBE00C5F207 /* Models */ = {
			isa = PBXGroup;
			children = (
				86CE5B522CC570CC00EE0D7A /* User.swift */,
				86E953BF2CB4D4F700DDE635 /* Location.swift */,
				86CE7AE12CB24B6900C5F207 /* Payment.swift */,
				86C3FAE62CC2C75B0053760A /* Business.swift */,
				86C3FAE82CC2C7E00053760A /* Comment.swift */,
				86C3FAEA2CC2C8030053760A /* Employee.swift */,
				86C3FAEC2CC2C85A0053760A /* Service.swift */,
				86C3FAEE2CC2C8830053760A /* Invoice.swift */,
				86C3FAF02CC2C8AF0053760A /* Reservation.swift */,
			);
			path = Models;
			sourceTree = "<group>";
		};
		86CE7ACD2CB1D1A600C5F207 /* Utilities */ = {
			isa = PBXGroup;
			children = (
				86E953CB2CB4D54A00DDE635 /* SearchBar.swift */,
				86E953C92CB4D54300DDE635 /* OptionsButton.swift */,
				86E953C72CB4D53E00DDE635 /* LocationService.swift */,
				86CE7ACE2CB1D1BD00C5F207 /* AppColors.swift */,
				86CE7AD92CB243A700C5F207 /* Tabvar.swift */,
				86F362C52CB3687C00E6C2BA /* MapRepresentable.swift */,
				86F362C72CB368F100E6C2BA /* AppState.swift */,
				86C3FAF82CC301E00053760A /* ErrorManager.swift */,
				86CE5B542CC570D300EE0D7A /* SessionManager.swift */,
			);
			path = Utilities;
			sourceTree = "<group>";
		};
		86E79A082C8FD75A0011EBE0 = {
			isa = PBXGroup;
			children = (
				86E79A132C8FD75A0011EBE0 /* BeautifyMe */,
				86E79A252C8FD75C0011EBE0 /* BeautifyMeTests */,
				86E79A2F2C8FD75C0011EBE0 /* BeautifyMeUITests */,
				86E79A122C8FD75A0011EBE0 /* Products */,
			);
			sourceTree = "<group>";
		};
		86E79A122C8FD75A0011EBE0 /* Products */ = {
			isa = PBXGroup;
			children = (
				86E79A112C8FD75A0011EBE0 /* BeautifyMe.app */,
				86E79A222C8FD75C0011EBE0 /* BeautifyMeTests.xctest */,
				86E79A2C2C8FD75C0011EBE0 /* BeautifyMeUITests.xctest */,
			);
			name = Products;
			sourceTree = "<group>";
		};
		86E79A132C8FD75A0011EBE0 /* BeautifyMe */ = {
			isa = PBXGroup;
			children = (
				86E953CD2CB4D5C100DDE635 /* Info.plist */,
				86CE7ACD2CB1D1A600C5F207 /* Utilities */,
				86CE7ACA2CB1CEBE00C5F207 /* Models */,
				86CE7AC92CB1CEB500C5F207 /* ViewModels */,
				86CE7AC82CB1CEAD00C5F207 /* Views */,
				86E79A142C8FD75A0011EBE0 /* BeautifyMeApp.swift */,
				86E79A162C8FD75A0011EBE0 /* ContentView.swift */,
				86E79A182C8FD75C0011EBE0 /* Assets.xcassets */,
				86E79A1A2C8FD75C0011EBE0 /* BeautifyMe.entitlements */,
				86E79A1B2C8FD75C0011EBE0 /* Preview Content */,
			);
			path = BeautifyMe;
			sourceTree = "<group>";
		};
		86E79A1B2C8FD75C0011EBE0 /* Preview Content */ = {
			isa = PBXGroup;
			children = (
				86E79A1C2C8FD75C0011EBE0 /* Preview Assets.xcassets */,
			);
			path = "Preview Content";
			sourceTree = "<group>";
		};
		86E79A252C8FD75C0011EBE0 /* BeautifyMeTests */ = {
			isa = PBXGroup;
			children = (
				8635F6122CD080900027D3C3 /* UnitTest */,
				86E79A262C8FD75C0011EBE0 /* BeautifyMeTests.swift */,
			);
			path = BeautifyMeTests;
			sourceTree = "<group>";
		};
		86E79A2F2C8FD75C0011EBE0 /* BeautifyMeUITests */ = {
			isa = PBXGroup;
			children = (
				8635F61A2CD080970027D3C3 /* MapUITest */,
				8635F61B2CD080970027D3C3 /* ProfileUITest */,
				8635F61C2CD080970027D3C3 /* RegistrationUITest */,
				86E79A302C8FD75C0011EBE0 /* BeautifyMeUITests.swift */,
				86E79A322C8FD75C0011EBE0 /* BeautifyMeUITestsLaunchTests.swift */,
			);
			path = BeautifyMeUITests;
			sourceTree = "<group>";
		};
		86F362BA2CB2F8FE00E6C2BA /* Cards */ = {
			isa = PBXGroup;
			children = (
				86E953C12CB4D50100DDE635 /* LocationCell.swift */,
				86F362B82CB2F88500E6C2BA /* IconTextView.swift */,
				86F362BB2CB2F93600E6C2BA /* IconAloneView.swift */,
				86F362BD2CB2F98000E6C2BA /* IconRectangleView.swift */,
				86F362BF2CB2FF7800E6C2BA /* ServiceCardView.swift */,
				86F362C12CB3051100E6C2BA /* ProfileCardView.swift */,
				86F362C32CB3176600E6C2BA /* PaymentCardView.swift */,
				86E953D42CB4FEA600DDE635 /* ReviewCard.swift */,
				86E953D82CB5031600DDE635 /* BusinessSelectedCard.swift */,
			);
			path = Cards;
			sourceTree = "<group>";
		};
/* End PBXGroup section */

/* Begin PBXNativeTarget section */
		86E79A102C8FD75A0011EBE0 /* BeautifyMe */ = {
			isa = PBXNativeTarget;
			buildConfigurationList = 86E79A362C8FD75C0011EBE0 /* Build configuration list for PBXNativeTarget "BeautifyMe" */;
			buildPhases = (
				86E79A0D2C8FD75A0011EBE0 /* Sources */,
				86E79A0E2C8FD75A0011EBE0 /* Frameworks */,
				86E79A0F2C8FD75A0011EBE0 /* Resources */,
			);
			buildRules = (
			);
			dependencies = (
			);
			name = BeautifyMe;
			productName = BeautifyMe;
			productReference = 86E79A112C8FD75A0011EBE0 /* BeautifyMe.app */;
			productType = "com.apple.product-type.application";
		};
		86E79A212C8FD75C0011EBE0 /* BeautifyMeTests */ = {
			isa = PBXNativeTarget;
			buildConfigurationList = 86E79A392C8FD75C0011EBE0 /* Build configuration list for PBXNativeTarget "BeautifyMeTests" */;
			buildPhases = (
				86E79A1E2C8FD75C0011EBE0 /* Sources */,
				86E79A1F2C8FD75C0011EBE0 /* Frameworks */,
				86E79A202C8FD75C0011EBE0 /* Resources */,
			);
			buildRules = (
			);
			dependencies = (
				86E79A242C8FD75C0011EBE0 /* PBXTargetDependency */,
			);
			name = BeautifyMeTests;
			productName = BeautifyMeTests;
			productReference = 86E79A222C8FD75C0011EBE0 /* BeautifyMeTests.xctest */;
			productType = "com.apple.product-type.bundle.unit-test";
		};
		86E79A2B2C8FD75C0011EBE0 /* BeautifyMeUITests */ = {
			isa = PBXNativeTarget;
			buildConfigurationList = 86E79A3C2C8FD75C0011EBE0 /* Build configuration list for PBXNativeTarget "BeautifyMeUITests" */;
			buildPhases = (
				86E79A282C8FD75C0011EBE0 /* Sources */,
				86E79A292C8FD75C0011EBE0 /* Frameworks */,
				86E79A2A2C8FD75C0011EBE0 /* Resources */,
			);
			buildRules = (
			);
			dependencies = (
				86E79A2E2C8FD75C0011EBE0 /* PBXTargetDependency */,
			);
			name = BeautifyMeUITests;
			productName = BeautifyMeUITests;
			productReference = 86E79A2C2C8FD75C0011EBE0 /* BeautifyMeUITests.xctest */;
			productType = "com.apple.product-type.bundle.ui-testing";
		};
/* End PBXNativeTarget section */

/* Begin PBXProject section */
		86E79A092C8FD75A0011EBE0 /* Project object */ = {
			isa = PBXProject;
			attributes = {
				BuildIndependentTargetsInParallel = 1;
				LastSwiftUpdateCheck = 1530;
				LastUpgradeCheck = 1530;
				TargetAttributes = {
					86E79A102C8FD75A0011EBE0 = {
						CreatedOnToolsVersion = 15.3;
					};
					86E79A212C8FD75C0011EBE0 = {
						CreatedOnToolsVersion = 15.3;
						TestTargetID = 86E79A102C8FD75A0011EBE0;
					};
					86E79A2B2C8FD75C0011EBE0 = {
						CreatedOnToolsVersion = 15.3;
						TestTargetID = 86E79A102C8FD75A0011EBE0;
					};
				};
			};
			buildConfigurationList = 86E79A0C2C8FD75A0011EBE0 /* Build configuration list for PBXProject "BeautifyMe" */;
			compatibilityVersion = "Xcode 14.0";
			developmentRegion = en;
			hasScannedForEncodings = 0;
			knownRegions = (
				en,
				Base,
			);
			mainGroup = 86E79A082C8FD75A0011EBE0;
			productRefGroup = 86E79A122C8FD75A0011EBE0 /* Products */;
			projectDirPath = "";
			projectRoot = "";
			targets = (
				86E79A102C8FD75A0011EBE0 /* BeautifyMe */,
				86E79A212C8FD75C0011EBE0 /* BeautifyMeTests */,
				86E79A2B2C8FD75C0011EBE0 /* BeautifyMeUITests */,
			);
		};
/* End PBXProject section */

/* Begin PBXResourcesBuildPhase section */
		86E79A0F2C8FD75A0011EBE0 /* Resources */ = {
			isa = PBXResourcesBuildPhase;
			buildActionMask = 2147483647;
			files = (
				86E79A1D2C8FD75C0011EBE0 /* Preview Assets.xcassets in Resources */,
				86E79A192C8FD75C0011EBE0 /* Assets.xcassets in Resources */,
			);
			runOnlyForDeploymentPostprocessing = 0;
		};
		86E79A202C8FD75C0011EBE0 /* Resources */ = {
			isa = PBXResourcesBuildPhase;
			buildActionMask = 2147483647;
			files = (
			);
			runOnlyForDeploymentPostprocessing = 0;
		};
		86E79A2A2C8FD75C0011EBE0 /* Resources */ = {
			isa = PBXResourcesBuildPhase;
			buildActionMask = 2147483647;
			files = (
			);
			runOnlyForDeploymentPostprocessing = 0;
		};
/* End PBXResourcesBuildPhase section */

/* Begin PBXSourcesBuildPhase section */
		86E79A0D2C8FD75A0011EBE0 /* Sources */ = {
			isa = PBXSourcesBuildPhase;
			buildActionMask = 2147483647;
			files = (
				86F362C42CB3176600E6C2BA /* PaymentCardView.swift in Sources */,
				8635F6052CD0807F0027D3C3 /* BusinessReviewsView.swift in Sources */,
				8635F6072CD0807F0027D3C3 /* GalleryView.swift in Sources */,
				86CE7ADC2CB2486400C5F207 /* ServiceListView.swift in Sources */,
				86CE5B532CC570CC00EE0D7A /* User.swift in Sources */,
				86F362BC2CB2F93600E6C2BA /* IconAloneView.swift in Sources */,
				8635F6042CD0807F0027D3C3 /* BusinessInfoView.swift in Sources */,
				86E953BE2CB4D4D500DDE635 /* LocationSearchViewModel.swift in Sources */,
				86F362C62CB3687C00E6C2BA /* MapRepresentable.swift in Sources */,
				8635F5F62CD080740027D3C3 /* InvoiceViewModel.swift in Sources */,
				86CE7AE02CB24A7400C5F207 /* PaymentView.swift in Sources */,
				8635F5F72CD080740027D3C3 /* ReservationViewModel.swift in Sources */,
				8635F5F92CD080740027D3C3 /* DataViewModel.swift in Sources */,
				86E953CC2CB4D54A00DDE635 /* SearchBar.swift in Sources */,
				8635F5F42CD080740027D3C3 /* EmployeeViewModel.swift in Sources */,
				8635F60A2CD0807F0027D3C3 /* SpecialistsView.swift in Sources */,
				8635F5F82CD080740027D3C3 /* ResetPasswordViewModel.swift in Sources */,
				86C3FAF92CC301E00053760A /* ErrorManager.swift in Sources */,
				86C3FAEB2CC2C8030053760A /* Employee.swift in Sources */,
				86CE7ACC2CB1CED500C5F207 /* LogInView.swift in Sources */,
				8635F5FB2CD080740027D3C3 /* ServiceViewModel.swift in Sources */,
				86E953C52CB4D52500DDE635 /* LocationSearchView.swift in Sources */,
				8635F5F32CD080740027D3C3 /* CommentViewModel.swift in Sources */,
				86E953C02CB4D4F700DDE635 /* Location.swift in Sources */,
				86CE5B552CC570D300EE0D7A /* SessionManager.swift in Sources */,
				86CE7ACF2CB1D1BD00C5F207 /* AppColors.swift in Sources */,
				86CE5B4D2CC5709D00EE0D7A /* SignInViewModel.swift in Sources */,
				86E79A172C8FD75A0011EBE0 /* ContentView.swift in Sources */,
				86CE7AD62CB23AA300C5F207 /* ResetPasswordView.swift in Sources */,
				86C3FAED2CC2C85A0053760A /* Service.swift in Sources */,
				86F362B92CB2F88500E6C2BA /* IconTextView.swift in Sources */,
				86CE7ADE2CB2492500C5F207 /* ServiceDetailedView.swift in Sources */,
				86E79A152C8FD75A0011EBE0 /* BeautifyMeApp.swift in Sources */,
				86F362C22CB3051100E6C2BA /* ProfileCardView.swift in Sources */,
				8635F5F22CD080740027D3C3 /* ForgotPasswordViewModel.swift in Sources */,
				86CE7AE22CB24B6900C5F207 /* Payment.swift in Sources */,
				86CE7AD82CB23CB600C5F207 /* HomeView.swift in Sources */,
				86C3FAE92CC2C7E00053760A /* Comment.swift in Sources */,
				86E953D92CB5031600DDE635 /* BusinessSelectedCard.swift in Sources */,
				86E953CA2CB4D54300DDE635 /* OptionsButton.swift in Sources */,
				86F362C02CB2FF7800E6C2BA /* ServiceCardView.swift in Sources */,
				86E953C22CB4D50100DDE635 /* LocationCell.swift in Sources */,
				86CE7AD42CB23A9100C5F207 /* ForgotPasswordView.swift in Sources */,
				86CE5B502CC570C300EE0D7A /* LogInViewModel.swift in Sources */,
				86E953C62CB4D52500DDE635 /* MapView.swift in Sources */,
				8635F5F52CD080740027D3C3 /* BusinessViewModel.swift in Sources */,
				86E953D52CB4FEA600DDE635 /* ReviewCard.swift in Sources */,
				86E953D32CB4F86C00DDE635 /* BusinessDetailedView.swift in Sources */,
				86F362C82CB368F100E6C2BA /* AppState.swift in Sources */,
				86C3FAF12CC2C8AF0053760A /* Reservation.swift in Sources */,
				86CE7ADA2CB243A700C5F207 /* Tabvar.swift in Sources */,
				86CE7AE42CB24DDB00C5F207 /* ProfileView.swift in Sources */,
				86E953C82CB4D53E00DDE635 /* LocationService.swift in Sources */,
				8635F6082CD0807F0027D3C3 /* HeaderImageView.swift in Sources */,
				8635F6062CD0807F0027D3C3 /* BussinessServiceListView.swift in Sources */,
				8635F6092CD0807F0027D3C3 /* OpeningHoursView.swift in Sources */,
				86F362BE2CB2F98000E6C2BA /* IconRectangleView.swift in Sources */,
				86C3FAE72CC2C75B0053760A /* Business.swift in Sources */,
				86C3FAEF2CC2C8830053760A /* Invoice.swift in Sources */,
				86CE5B512CC570C300EE0D7A /* BusinessDetailViewModel.swift in Sources */,
				8635F5FA2CD080740027D3C3 /* VerificationViewModel.swift in Sources */,
				86CE7AE62CB24F8100C5F207 /* FavouritesView.swift in Sources */,
				86CE7AD12CB235DC00C5F207 /* SignInView.swift in Sources */,
			);
			runOnlyForDeploymentPostprocessing = 0;
		};
		86E79A1E2C8FD75C0011EBE0 /* Sources */ = {
			isa = PBXSourcesBuildPhase;
			buildActionMask = 2147483647;
			files = (
				8635F6192CD080900027D3C3 /* UserTest.swift in Sources */,
				8635F6182CD080900027D3C3 /* ServiceTest.swift in Sources */,
				86E79A272C8FD75C0011EBE0 /* BeautifyMeTests.swift in Sources */,
				8635F6152CD080900027D3C3 /* EmployeeTest.swift in Sources */,
				8635F6162CD080900027D3C3 /* InvoiceTest.swift in Sources */,
				8635F6142CD080900027D3C3 /* CommentTest.swift in Sources */,
				8635F6172CD080900027D3C3 /* ReservationTest.swift in Sources */,
				8635F6132CD080900027D3C3 /* BusinessTest.swift in Sources */,
			);
			runOnlyForDeploymentPostprocessing = 0;
		};
		86E79A282C8FD75C0011EBE0 /* Sources */ = {
			isa = PBXSourcesBuildPhase;
			buildActionMask = 2147483647;
			files = (
				86E79A312C8FD75C0011EBE0 /* BeautifyMeUITests.swift in Sources */,
				86CE58932CD9E3D600C418C9 /* ProfileViewAccessibilityTests.swift in Sources */,
				86CE589B2CD9EAA600C418C9 /* PaymentViewAccessibilityTests.swift in Sources */,
				86CE58992CD9E98300C418C9 /* HomeViewAccessibilityTests.swift in Sources */,
				86CE58952CD9E3E400C418C9 /* FavouritesViewAccessibilityTests.swift in Sources */,
				86CE589D2CD9EB5900C418C9 /* ServiceListViewAccessibilityTests.swift in Sources */,
				86CE58972CD9E72B00C418C9 /* BusinessDetailedViewAccessibilityTests.swift in Sources */,
				86CE58912CD9D65B00C418C9 /* RegistrationAccessibilityTests.swift in Sources */,
				86E79A332C8FD75C0011EBE0 /* BeautifyMeUITestsLaunchTests.swift in Sources */,
			);
			runOnlyForDeploymentPostprocessing = 0;
		};
/* End PBXSourcesBuildPhase section */

/* Begin PBXTargetDependency section */
		86E79A242C8FD75C0011EBE0 /* PBXTargetDependency */ = {
			isa = PBXTargetDependency;
			target = 86E79A102C8FD75A0011EBE0 /* BeautifyMe */;
			targetProxy = 86E79A232C8FD75C0011EBE0 /* PBXContainerItemProxy */;
		};
		86E79A2E2C8FD75C0011EBE0 /* PBXTargetDependency */ = {
			isa = PBXTargetDependency;
			target = 86E79A102C8FD75A0011EBE0 /* BeautifyMe */;
			targetProxy = 86E79A2D2C8FD75C0011EBE0 /* PBXContainerItemProxy */;
		};
/* End PBXTargetDependency section */

/* Begin XCBuildConfiguration section */
		86E79A342C8FD75C0011EBE0 /* Debug */ = {
			isa = XCBuildConfiguration;
			buildSettings = {
				ALWAYS_SEARCH_USER_PATHS = NO;
				ASSETCATALOG_COMPILER_GENERATE_SWIFT_ASSET_SYMBOL_EXTENSIONS = YES;
				CLANG_ANALYZER_NONNULL = YES;
				CLANG_ANALYZER_NUMBER_OBJECT_CONVERSION = YES_AGGRESSIVE;
				CLANG_CXX_LANGUAGE_STANDARD = "gnu++20";
				CLANG_ENABLE_MODULES = YES;
				CLANG_ENABLE_OBJC_ARC = YES;
				CLANG_ENABLE_OBJC_WEAK = YES;
				CLANG_WARN_BLOCK_CAPTURE_AUTORELEASING = YES;
				CLANG_WARN_BOOL_CONVERSION = YES;
				CLANG_WARN_COMMA = YES;
				CLANG_WARN_CONSTANT_CONVERSION = YES;
				CLANG_WARN_DEPRECATED_OBJC_IMPLEMENTATIONS = YES;
				CLANG_WARN_DIRECT_OBJC_ISA_USAGE = YES_ERROR;
				CLANG_WARN_DOCUMENTATION_COMMENTS = YES;
				CLANG_WARN_EMPTY_BODY = YES;
				CLANG_WARN_ENUM_CONVERSION = YES;
				CLANG_WARN_INFINITE_RECURSION = YES;
				CLANG_WARN_INT_CONVERSION = YES;
				CLANG_WARN_NON_LITERAL_NULL_CONVERSION = YES;
				CLANG_WARN_OBJC_IMPLICIT_RETAIN_SELF = YES;
				CLANG_WARN_OBJC_LITERAL_CONVERSION = YES;
				CLANG_WARN_OBJC_ROOT_CLASS = YES_ERROR;
				CLANG_WARN_QUOTED_INCLUDE_IN_FRAMEWORK_HEADER = YES;
				CLANG_WARN_RANGE_LOOP_ANALYSIS = YES;
				CLANG_WARN_STRICT_PROTOTYPES = YES;
				CLANG_WARN_SUSPICIOUS_MOVE = YES;
				CLANG_WARN_UNGUARDED_AVAILABILITY = YES_AGGRESSIVE;
				CLANG_WARN_UNREACHABLE_CODE = YES;
				CLANG_WARN__DUPLICATE_METHOD_MATCH = YES;
				COPY_PHASE_STRIP = NO;
				DEBUG_INFORMATION_FORMAT = dwarf;
				ENABLE_STRICT_OBJC_MSGSEND = YES;
				ENABLE_TESTABILITY = YES;
				ENABLE_USER_SCRIPT_SANDBOXING = YES;
				GCC_C_LANGUAGE_STANDARD = gnu17;
				GCC_DYNAMIC_NO_PIC = NO;
				GCC_NO_COMMON_BLOCKS = YES;
				GCC_OPTIMIZATION_LEVEL = 0;
				GCC_PREPROCESSOR_DEFINITIONS = (
					"DEBUG=1",
					"$(inherited)",
				);
				GCC_WARN_64_TO_32_BIT_CONVERSION = YES;
				GCC_WARN_ABOUT_RETURN_TYPE = YES_ERROR;
				GCC_WARN_UNDECLARED_SELECTOR = YES;
				GCC_WARN_UNINITIALIZED_AUTOS = YES_AGGRESSIVE;
				GCC_WARN_UNUSED_FUNCTION = YES;
				GCC_WARN_UNUSED_VARIABLE = YES;
				IPHONEOS_DEPLOYMENT_TARGET = 16.6;
				LOCALIZATION_PREFERS_STRING_CATALOGS = YES;
				MTL_ENABLE_DEBUG_INFO = INCLUDE_SOURCE;
				MTL_FAST_MATH = YES;
				ONLY_ACTIVE_ARCH = YES;
				SWIFT_ACTIVE_COMPILATION_CONDITIONS = "DEBUG $(inherited)";
				SWIFT_OPTIMIZATION_LEVEL = "-Onone";
			};
			name = Debug;
		};
		86E79A352C8FD75C0011EBE0 /* Release */ = {
			isa = XCBuildConfiguration;
			buildSettings = {
				ALWAYS_SEARCH_USER_PATHS = NO;
				ASSETCATALOG_COMPILER_GENERATE_SWIFT_ASSET_SYMBOL_EXTENSIONS = YES;
				CLANG_ANALYZER_NONNULL = YES;
				CLANG_ANALYZER_NUMBER_OBJECT_CONVERSION = YES_AGGRESSIVE;
				CLANG_CXX_LANGUAGE_STANDARD = "gnu++20";
				CLANG_ENABLE_MODULES = YES;
				CLANG_ENABLE_OBJC_ARC = YES;
				CLANG_ENABLE_OBJC_WEAK = YES;
				CLANG_WARN_BLOCK_CAPTURE_AUTORELEASING = YES;
				CLANG_WARN_BOOL_CONVERSION = YES;
				CLANG_WARN_COMMA = YES;
				CLANG_WARN_CONSTANT_CONVERSION = YES;
				CLANG_WARN_DEPRECATED_OBJC_IMPLEMENTATIONS = YES;
				CLANG_WARN_DIRECT_OBJC_ISA_USAGE = YES_ERROR;
				CLANG_WARN_DOCUMENTATION_COMMENTS = YES;
				CLANG_WARN_EMPTY_BODY = YES;
				CLANG_WARN_ENUM_CONVERSION = YES;
				CLANG_WARN_INFINITE_RECURSION = YES;
				CLANG_WARN_INT_CONVERSION = YES;
				CLANG_WARN_NON_LITERAL_NULL_CONVERSION = YES;
				CLANG_WARN_OBJC_IMPLICIT_RETAIN_SELF = YES;
				CLANG_WARN_OBJC_LITERAL_CONVERSION = YES;
				CLANG_WARN_OBJC_ROOT_CLASS = YES_ERROR;
				CLANG_WARN_QUOTED_INCLUDE_IN_FRAMEWORK_HEADER = YES;
				CLANG_WARN_RANGE_LOOP_ANALYSIS = YES;
				CLANG_WARN_STRICT_PROTOTYPES = YES;
				CLANG_WARN_SUSPICIOUS_MOVE = YES;
				CLANG_WARN_UNGUARDED_AVAILABILITY = YES_AGGRESSIVE;
				CLANG_WARN_UNREACHABLE_CODE = YES;
				CLANG_WARN__DUPLICATE_METHOD_MATCH = YES;
				COPY_PHASE_STRIP = NO;
				DEBUG_INFORMATION_FORMAT = "dwarf-with-dsym";
				ENABLE_NS_ASSERTIONS = NO;
				ENABLE_STRICT_OBJC_MSGSEND = YES;
				ENABLE_USER_SCRIPT_SANDBOXING = YES;
				GCC_C_LANGUAGE_STANDARD = gnu17;
				GCC_NO_COMMON_BLOCKS = YES;
				GCC_WARN_64_TO_32_BIT_CONVERSION = YES;
				GCC_WARN_ABOUT_RETURN_TYPE = YES_ERROR;
				GCC_WARN_UNDECLARED_SELECTOR = YES;
				GCC_WARN_UNINITIALIZED_AUTOS = YES_AGGRESSIVE;
				GCC_WARN_UNUSED_FUNCTION = YES;
				GCC_WARN_UNUSED_VARIABLE = YES;
				IPHONEOS_DEPLOYMENT_TARGET = 16.6;
				LOCALIZATION_PREFERS_STRING_CATALOGS = YES;
				MTL_ENABLE_DEBUG_INFO = NO;
				MTL_FAST_MATH = YES;
				SWIFT_COMPILATION_MODE = wholemodule;
			};
			name = Release;
		};
		86E79A372C8FD75C0011EBE0 /* Debug */ = {
			isa = XCBuildConfiguration;
			buildSettings = {
				ASSETCATALOG_COMPILER_APPICON_NAME = AppIcon;
				ASSETCATALOG_COMPILER_GLOBAL_ACCENT_COLOR_NAME = AccentColor;
				CODE_SIGN_ENTITLEMENTS = BeautifyMe/BeautifyMe.entitlements;
				CODE_SIGN_STYLE = Automatic;
				CURRENT_PROJECT_VERSION = 1;
				DEVELOPMENT_ASSET_PATHS = "\"BeautifyMe/Preview Content\"";
				DEVELOPMENT_TEAM = 7CNSJ9NLM6;
				ENABLE_HARDENED_RUNTIME = YES;
				ENABLE_PREVIEWS = YES;
				GENERATE_INFOPLIST_FILE = YES;
				INFOPLIST_FILE = BeautifyMe/Info.plist;
				INFOPLIST_KEY_NSLocationWhenInUseUsageDescription = "Please allow me to use your location while using the app";
				"INFOPLIST_KEY_UIApplicationSceneManifest_Generation[sdk=iphoneos*]" = YES;
				"INFOPLIST_KEY_UIApplicationSceneManifest_Generation[sdk=iphonesimulator*]" = YES;
				"INFOPLIST_KEY_UIApplicationSupportsIndirectInputEvents[sdk=iphoneos*]" = YES;
				"INFOPLIST_KEY_UIApplicationSupportsIndirectInputEvents[sdk=iphonesimulator*]" = YES;
				"INFOPLIST_KEY_UILaunchScreen_Generation[sdk=iphoneos*]" = YES;
				"INFOPLIST_KEY_UILaunchScreen_Generation[sdk=iphonesimulator*]" = YES;
				"INFOPLIST_KEY_UIStatusBarStyle[sdk=iphoneos*]" = UIStatusBarStyleDefault;
				"INFOPLIST_KEY_UIStatusBarStyle[sdk=iphonesimulator*]" = UIStatusBarStyleDefault;
				INFOPLIST_KEY_UISupportedInterfaceOrientations_iPad = "UIInterfaceOrientationPortrait UIInterfaceOrientationPortraitUpsideDown UIInterfaceOrientationLandscapeLeft UIInterfaceOrientationLandscapeRight";
				INFOPLIST_KEY_UISupportedInterfaceOrientations_iPhone = "UIInterfaceOrientationPortrait UIInterfaceOrientationLandscapeLeft UIInterfaceOrientationLandscapeRight";
				IPHONEOS_DEPLOYMENT_TARGET = 16.6;
				LD_RUNPATH_SEARCH_PATHS = "@executable_path/Frameworks";
				"LD_RUNPATH_SEARCH_PATHS[sdk=macosx*]" = "@executable_path/../Frameworks";
				MACOSX_DEPLOYMENT_TARGET = 14.4;
				MARKETING_VERSION = 1.0;
				PRODUCT_BUNDLE_IDENTIFIER = com.Proyect.BeautifyMe;
				PRODUCT_NAME = "$(TARGET_NAME)";
				SDKROOT = auto;
				SUPPORTED_PLATFORMS = "iphoneos iphonesimulator macosx";
				SWIFT_EMIT_LOC_STRINGS = YES;
				SWIFT_VERSION = 5.0;
				TARGETED_DEVICE_FAMILY = "1,2";
			};
			name = Debug;
		};
		86E79A382C8FD75C0011EBE0 /* Release */ = {
			isa = XCBuildConfiguration;
			buildSettings = {
				ASSETCATALOG_COMPILER_APPICON_NAME = AppIcon;
				ASSETCATALOG_COMPILER_GLOBAL_ACCENT_COLOR_NAME = AccentColor;
				CODE_SIGN_ENTITLEMENTS = BeautifyMe/BeautifyMe.entitlements;
				CODE_SIGN_STYLE = Automatic;
				CURRENT_PROJECT_VERSION = 1;
				DEVELOPMENT_ASSET_PATHS = "\"BeautifyMe/Preview Content\"";
				DEVELOPMENT_TEAM = 7CNSJ9NLM6;
				ENABLE_HARDENED_RUNTIME = YES;
				ENABLE_PREVIEWS = YES;
				GENERATE_INFOPLIST_FILE = YES;
				INFOPLIST_FILE = BeautifyMe/Info.plist;
				INFOPLIST_KEY_NSLocationWhenInUseUsageDescription = "Please allow me to use your location while using the app";
				"INFOPLIST_KEY_UIApplicationSceneManifest_Generation[sdk=iphoneos*]" = YES;
				"INFOPLIST_KEY_UIApplicationSceneManifest_Generation[sdk=iphonesimulator*]" = YES;
				"INFOPLIST_KEY_UIApplicationSupportsIndirectInputEvents[sdk=iphoneos*]" = YES;
				"INFOPLIST_KEY_UIApplicationSupportsIndirectInputEvents[sdk=iphonesimulator*]" = YES;
				"INFOPLIST_KEY_UILaunchScreen_Generation[sdk=iphoneos*]" = YES;
				"INFOPLIST_KEY_UILaunchScreen_Generation[sdk=iphonesimulator*]" = YES;
				"INFOPLIST_KEY_UIStatusBarStyle[sdk=iphoneos*]" = UIStatusBarStyleDefault;
				"INFOPLIST_KEY_UIStatusBarStyle[sdk=iphonesimulator*]" = UIStatusBarStyleDefault;
				INFOPLIST_KEY_UISupportedInterfaceOrientations_iPad = "UIInterfaceOrientationPortrait UIInterfaceOrientationPortraitUpsideDown UIInterfaceOrientationLandscapeLeft UIInterfaceOrientationLandscapeRight";
				INFOPLIST_KEY_UISupportedInterfaceOrientations_iPhone = "UIInterfaceOrientationPortrait UIInterfaceOrientationLandscapeLeft UIInterfaceOrientationLandscapeRight";
				IPHONEOS_DEPLOYMENT_TARGET = 16.6;
				LD_RUNPATH_SEARCH_PATHS = "@executable_path/Frameworks";
				"LD_RUNPATH_SEARCH_PATHS[sdk=macosx*]" = "@executable_path/../Frameworks";
				MACOSX_DEPLOYMENT_TARGET = 14.4;
				MARKETING_VERSION = 1.0;
				PRODUCT_BUNDLE_IDENTIFIER = com.Proyect.BeautifyMe;
				PRODUCT_NAME = "$(TARGET_NAME)";
				SDKROOT = auto;
				SUPPORTED_PLATFORMS = "iphoneos iphonesimulator macosx";
				SWIFT_EMIT_LOC_STRINGS = YES;
				SWIFT_VERSION = 5.0;
				TARGETED_DEVICE_FAMILY = "1,2";
			};
			name = Release;
		};
		86E79A3A2C8FD75C0011EBE0 /* Debug */ = {
			isa = XCBuildConfiguration;
			buildSettings = {
				ALWAYS_EMBED_SWIFT_STANDARD_LIBRARIES = YES;
				BUNDLE_LOADER = "$(TEST_HOST)";
				CODE_SIGN_STYLE = Automatic;
				CURRENT_PROJECT_VERSION = 1;
				DEVELOPMENT_TEAM = 7CNSJ9NLM6;
				GENERATE_INFOPLIST_FILE = YES;
				IPHONEOS_DEPLOYMENT_TARGET = 16.6;
				MACOSX_DEPLOYMENT_TARGET = 14.4;
				MARKETING_VERSION = 1.0;
				PRODUCT_BUNDLE_IDENTIFIER = com.Proyect.BeautifyMeTests;
				PRODUCT_NAME = "$(TARGET_NAME)";
				SDKROOT = auto;
				SUPPORTED_PLATFORMS = "iphoneos iphonesimulator macosx";
				SWIFT_EMIT_LOC_STRINGS = NO;
				SWIFT_VERSION = 5.0;
				TARGETED_DEVICE_FAMILY = "1,2";
				TEST_HOST = "$(BUILT_PRODUCTS_DIR)/BeautifyMe.app/$(BUNDLE_EXECUTABLE_FOLDER_PATH)/BeautifyMe";
			};
			name = Debug;
		};
		86E79A3B2C8FD75C0011EBE0 /* Release */ = {
			isa = XCBuildConfiguration;
			buildSettings = {
				ALWAYS_EMBED_SWIFT_STANDARD_LIBRARIES = YES;
				BUNDLE_LOADER = "$(TEST_HOST)";
				CODE_SIGN_STYLE = Automatic;
				CURRENT_PROJECT_VERSION = 1;
				DEVELOPMENT_TEAM = 7CNSJ9NLM6;
				GENERATE_INFOPLIST_FILE = YES;
				IPHONEOS_DEPLOYMENT_TARGET = 16.6;
				MACOSX_DEPLOYMENT_TARGET = 14.4;
				MARKETING_VERSION = 1.0;
				PRODUCT_BUNDLE_IDENTIFIER = com.Proyect.BeautifyMeTests;
				PRODUCT_NAME = "$(TARGET_NAME)";
				SDKROOT = auto;
				SUPPORTED_PLATFORMS = "iphoneos iphonesimulator macosx";
				SWIFT_EMIT_LOC_STRINGS = NO;
				SWIFT_VERSION = 5.0;
				TARGETED_DEVICE_FAMILY = "1,2";
				TEST_HOST = "$(BUILT_PRODUCTS_DIR)/BeautifyMe.app/$(BUNDLE_EXECUTABLE_FOLDER_PATH)/BeautifyMe";
			};
			name = Release;
		};
		86E79A3D2C8FD75C0011EBE0 /* Debug */ = {
			isa = XCBuildConfiguration;
			buildSettings = {
				ALWAYS_EMBED_SWIFT_STANDARD_LIBRARIES = YES;
				CODE_SIGN_STYLE = Automatic;
				CURRENT_PROJECT_VERSION = 1;
				DEVELOPMENT_TEAM = 7CNSJ9NLM6;
				GENERATE_INFOPLIST_FILE = YES;
				IPHONEOS_DEPLOYMENT_TARGET = 16.6;
				MACOSX_DEPLOYMENT_TARGET = 14.4;
				MARKETING_VERSION = 1.0;
				PRODUCT_BUNDLE_IDENTIFIER = com.Proyect.BeautifyMeUITests;
				PRODUCT_NAME = "$(TARGET_NAME)";
				SDKROOT = auto;
				SUPPORTED_PLATFORMS = "iphoneos iphonesimulator macosx";
				SWIFT_EMIT_LOC_STRINGS = NO;
				SWIFT_VERSION = 5.0;
				TARGETED_DEVICE_FAMILY = "1,2";
				TEST_TARGET_NAME = BeautifyMe;
			};
			name = Debug;
		};
		86E79A3E2C8FD75C0011EBE0 /* Release */ = {
			isa = XCBuildConfiguration;
			buildSettings = {
				ALWAYS_EMBED_SWIFT_STANDARD_LIBRARIES = YES;
				CODE_SIGN_STYLE = Automatic;
				CURRENT_PROJECT_VERSION = 1;
				DEVELOPMENT_TEAM = 7CNSJ9NLM6;
				GENERATE_INFOPLIST_FILE = YES;
				IPHONEOS_DEPLOYMENT_TARGET = 16.6;
				MACOSX_DEPLOYMENT_TARGET = 14.4;
				MARKETING_VERSION = 1.0;
				PRODUCT_BUNDLE_IDENTIFIER = com.Proyect.BeautifyMeUITests;
				PRODUCT_NAME = "$(TARGET_NAME)";
				SDKROOT = auto;
				SUPPORTED_PLATFORMS = "iphoneos iphonesimulator macosx";
				SWIFT_EMIT_LOC_STRINGS = NO;
				SWIFT_VERSION = 5.0;
				TARGETED_DEVICE_FAMILY = "1,2";
				TEST_TARGET_NAME = BeautifyMe;
			};
			name = Release;
		};
/* End XCBuildConfiguration section */

/* Begin XCConfigurationList section */
		86E79A0C2C8FD75A0011EBE0 /* Build configuration list for PBXProject "BeautifyMe" */ = {
			isa = XCConfigurationList;
			buildConfigurations = (
				86E79A342C8FD75C0011EBE0 /* Debug */,
				86E79A352C8FD75C0011EBE0 /* Release */,
			);
			defaultConfigurationIsVisible = 0;
			defaultConfigurationName = Release;
		};
		86E79A362C8FD75C0011EBE0 /* Build configuration list for PBXNativeTarget "BeautifyMe" */ = {
			isa = XCConfigurationList;
			buildConfigurations = (
				86E79A372C8FD75C0011EBE0 /* Debug */,
				86E79A382C8FD75C0011EBE0 /* Release */,
			);
			defaultConfigurationIsVisible = 0;
			defaultConfigurationName = Release;
		};
		86E79A392C8FD75C0011EBE0 /* Build configuration list for PBXNativeTarget "BeautifyMeTests" */ = {
			isa = XCConfigurationList;
			buildConfigurations = (
				86E79A3A2C8FD75C0011EBE0 /* Debug */,
				86E79A3B2C8FD75C0011EBE0 /* Release */,
			);
			defaultConfigurationIsVisible = 0;
			defaultConfigurationName = Release;
		};
		86E79A3C2C8FD75C0011EBE0 /* Build configuration list for PBXNativeTarget "BeautifyMeUITests" */ = {
			isa = XCConfigurationList;
			buildConfigurations = (
				86E79A3D2C8FD75C0011EBE0 /* Debug */,
				86E79A3E2C8FD75C0011EBE0 /* Release */,
			);
			defaultConfigurationIsVisible = 0;
			defaultConfigurationName = Release;
		};
/* End XCConfigurationList section */
	};
	rootObject = 86E79A092C8FD75A0011EBE0 /* Project object */;
}
